// !$*UTF8*$!
{
	archiveVersion = 1;
	classes = {
	};
	objectVersion = 46;
	objects = {

/* Begin PBXBuildFile section */
		9509C0561F3EEF5100147CF1 /* LocationManager.swift in Sources */ = {isa = PBXBuildFile; fileRef = 9509C0551F3EEF5000147CF1 /* LocationManager.swift */; };
		953FC2361F3C5E6D00BD81FD /* WeatherManager.swift in Sources */ = {isa = PBXBuildFile; fileRef = 953FC2351F3C5E6D00BD81FD /* WeatherManager.swift */; };
		953FC23B1F3CCC3500BD81FD /* Utils.swift in Sources */ = {isa = PBXBuildFile; fileRef = 953FC23A1F3CCC3500BD81FD /* Utils.swift */; };
		953FC2421F3DA38600BD81FD /* HistoryViewController.swift in Sources */ = {isa = PBXBuildFile; fileRef = 953FC2411F3DA38600BD81FD /* HistoryViewController.swift */; };
		953FC2441F3DE43E00BD81FD /* HistoryTableViewCell.swift in Sources */ = {isa = PBXBuildFile; fileRef = 953FC2431F3DE43E00BD81FD /* HistoryTableViewCell.swift */; };
		953FC2461F3DE77B00BD81FD /* Weather.swift in Sources */ = {isa = PBXBuildFile; fileRef = 953FC2451F3DE77B00BD81FD /* Weather.swift */; };
		955DA45E1F39B5A100E9461C /* AppDelegate.swift in Sources */ = {isa = PBXBuildFile; fileRef = 955DA45D1F39B5A100E9461C /* AppDelegate.swift */; };
		955DA4651F39B5A100E9461C /* Main.storyboard in Resources */ = {isa = PBXBuildFile; fileRef = 955DA4631F39B5A100E9461C /* Main.storyboard */; };
		955DA4671F39B5A100E9461C /* Assets.xcassets in Resources */ = {isa = PBXBuildFile; fileRef = 955DA4661F39B5A100E9461C /* Assets.xcassets */; };
		955DA46A1F39B5A100E9461C /* LaunchScreen.storyboard in Resources */ = {isa = PBXBuildFile; fileRef = 955DA4681F39B5A100E9461C /* LaunchScreen.storyboard */; };
		955DA4741F39BD4300E9461C /* MainViewController.swift in Sources */ = {isa = PBXBuildFile; fileRef = 955DA4731F39BD4300E9461C /* MainViewController.swift */; };
		95EF514A1F3E4620008FDDF4 /* GlobalData.swift in Sources */ = {isa = PBXBuildFile; fileRef = 95EF51491F3E4620008FDDF4 /* GlobalData.swift */; };
/* End PBXBuildFile section */

/* Begin PBXFileReference section */
		9509C0551F3EEF5000147CF1 /* LocationManager.swift */ = {isa = PBXFileReference; fileEncoding = 4; lastKnownFileType = sourcecode.swift; path = LocationManager.swift; sourceTree = "<group>"; };
		953FC2351F3C5E6D00BD81FD /* WeatherManager.swift */ = {isa = PBXFileReference; fileEncoding = 4; lastKnownFileType = sourcecode.swift; path = WeatherManager.swift; sourceTree = "<group>"; };
		953FC23A1F3CCC3500BD81FD /* Utils.swift */ = {isa = PBXFileReference; fileEncoding = 4; lastKnownFileType = sourcecode.swift; path = Utils.swift; sourceTree = "<group>"; };
		953FC2411F3DA38600BD81FD /* HistoryViewController.swift */ = {isa = PBXFileReference; fileEncoding = 4; lastKnownFileType = sourcecode.swift; path = HistoryViewController.swift; sourceTree = "<group>"; };
		953FC2431F3DE43E00BD81FD /* HistoryTableViewCell.swift */ = {isa = PBXFileReference; fileEncoding = 4; lastKnownFileType = sourcecode.swift; path = HistoryTableViewCell.swift; sourceTree = "<group>"; };
		953FC2451F3DE77B00BD81FD /* Weather.swift */ = {isa = PBXFileReference; fileEncoding = 4; lastKnownFileType = sourcecode.swift; path = Weather.swift; sourceTree = "<group>"; };
		955DA45A1F39B5A100E9461C /* WeatherHistoryApp.app */ = {isa = PBXFileReference; explicitFileType = wrapper.application; includeInIndex = 0; path = WeatherHistoryApp.app; sourceTree = BUILT_PRODUCTS_DIR; };
		955DA45D1F39B5A100E9461C /* AppDelegate.swift */ = {isa = PBXFileReference; lastKnownFileType = sourcecode.swift; path = AppDelegate.swift; sourceTree = "<group>"; };
		955DA4641F39B5A100E9461C /* Base */ = {isa = PBXFileReference; lastKnownFileType = file.storyboard; name = Base; path = Base.lproj/Main.storyboard; sourceTree = "<group>"; };
		955DA4661F39B5A100E9461C /* Assets.xcassets */ = {isa = PBXFileReference; lastKnownFileType = folder.assetcatalog; path = Assets.xcassets; sourceTree = "<group>"; };
		955DA4691F39B5A100E9461C /* Base */ = {isa = PBXFileReference; lastKnownFileType = file.storyboard; name = Base; path = Base.lproj/LaunchScreen.storyboard; sourceTree = "<group>"; };
		955DA46B1F39B5A100E9461C /* Info.plist */ = {isa = PBXFileReference; lastKnownFileType = text.plist.xml; path = Info.plist; sourceTree = "<group>"; };
		955DA4731F39BD4300E9461C /* MainViewController.swift */ = {isa = PBXFileReference; fileEncoding = 4; lastKnownFileType = sourcecode.swift; path = MainViewController.swift; sourceTree = "<group>"; };
		95EF51491F3E4620008FDDF4 /* GlobalData.swift */ = {isa = PBXFileReference; fileEncoding = 4; lastKnownFileType = sourcecode.swift; path = GlobalData.swift; sourceTree = "<group>"; };
/* End PBXFileReference section */

/* Begin PBXFrameworksBuildPhase section */
		955DA4571F39B5A100E9461C /* Frameworks */ = {
			isa = PBXFrameworksBuildPhase;
			buildActionMask = 2147483647;
			files = (
			);
			runOnlyForDeploymentPostprocessing = 0;
		};
/* End PBXFrameworksBuildPhase section */

/* Begin PBXGroup section */
		953FC2371F3C741C00BD81FD /* Controller */ = {
			isa = PBXGroup;
			children = (
				955DA4731F39BD4300E9461C /* MainViewController.swift */,
				953FC2411F3DA38600BD81FD /* HistoryViewController.swift */,
			);
			name = Controller;
			sourceTree = "<group>";
		};
		953FC2381F3C742D00BD81FD /* View */ = {
			isa = PBXGroup;
			children = (
				955DA4631F39B5A100E9461C /* Main.storyboard */,
				953FC2431F3DE43E00BD81FD /* HistoryTableViewCell.swift */,
			);
			name = View;
			sourceTree = "<group>";
		};
		953FC2391F3C748400BD81FD /* Networking */ = {
			isa = PBXGroup;
			children = (
				953FC2351F3C5E6D00BD81FD /* WeatherManager.swift */,
			);
			name = Networking;
			sourceTree = "<group>";
		};
		953FC23E1F3CE3C300BD81FD /* Model */ = {
			isa = PBXGroup;
			children = (
				953FC2451F3DE77B00BD81FD /* Weather.swift */,
			);
			name = Model;
			sourceTree = "<group>";
		};
		955DA4511F39B5A100E9461C = {
			isa = PBXGroup;
			children = (
				955DA45C1F39B5A100E9461C /* WeatherHistoryApp */,
				955DA45B1F39B5A100E9461C /* Products */,
			);
			sourceTree = "<group>";
		};
		955DA45B1F39B5A100E9461C /* Products */ = {
			isa = PBXGroup;
			children = (
				955DA45A1F39B5A100E9461C /* WeatherHistoryApp.app */,
			);
			name = Products;
			sourceTree = "<group>";
		};
		955DA45C1F39B5A100E9461C /* WeatherHistoryApp */ = {
			isa = PBXGroup;
			children = (
				953FC23E1F3CE3C300BD81FD /* Model */,
				953FC2381F3C742D00BD81FD /* View */,
				953FC2371F3C741C00BD81FD /* Controller */,
				953FC2391F3C748400BD81FD /* Networking */,
				9509C0551F3EEF5000147CF1 /* LocationManager.swift */,
				95EF51491F3E4620008FDDF4 /* GlobalData.swift */,
				953FC23A1F3CCC3500BD81FD /* Utils.swift */,
				955DA4751F39E9AC00E9461C /* Supporting files */,
			);
			path = WeatherHistoryApp;
			sourceTree = "<group>";
		};
		955DA4751F39E9AC00E9461C /* Supporting files */ = {
			isa = PBXGroup;
			children = (
				955DA45D1F39B5A100E9461C /* AppDelegate.swift */,
				955DA4661F39B5A100E9461C /* Assets.xcassets */,
				955DA4681F39B5A100E9461C /* LaunchScreen.storyboard */,
				955DA46B1F39B5A100E9461C /* Info.plist */,
			);
			name = "Supporting files";
			sourceTree = "<group>";
		};
/* End PBXGroup section */

/* Begin PBXNativeTarget section */
		955DA4591F39B5A100E9461C /* WeatherHistoryApp */ = {
			isa = PBXNativeTarget;
			buildConfigurationList = 955DA46E1F39B5A100E9461C /* Build configuration list for PBXNativeTarget "WeatherHistoryApp" */;
			buildPhases = (
				955DA4561F39B5A100E9461C /* Sources */,
				955DA4571F39B5A100E9461C /* Frameworks */,
				955DA4581F39B5A100E9461C /* Resources */,
			);
			buildRules = (
			);
			dependencies = (
			);
			name = WeatherHistoryApp;
			productName = WeatherHistoryApp;
			productReference = 955DA45A1F39B5A100E9461C /* WeatherHistoryApp.app */;
			productType = "com.apple.product-type.application";
		};
/* End PBXNativeTarget section */

/* Begin PBXProject section */
		955DA4521F39B5A100E9461C /* Project object */ = {
			isa = PBXProject;
			attributes = {
				LastSwiftUpdateCheck = 0820;
				LastUpgradeCheck = 0820;
				ORGANIZATIONNAME = biarozkin;
				TargetAttributes = {
					955DA4591F39B5A100E9461C = {
						CreatedOnToolsVersion = 8.2.1;
						DevelopmentTeam = 32QUXF5TSJ;
						ProvisioningStyle = Automatic;
					};
				};
			};
			buildConfigurationList = 955DA4551F39B5A100E9461C /* Build configuration list for PBXProject "WeatherHistoryApp" */;
			compatibilityVersion = "Xcode 3.2";
			developmentRegion = English;
			hasScannedForEncodings = 0;
			knownRegions = (
				en,
				Base,
			);
			mainGroup = 955DA4511F39B5A100E9461C;
			productRefGroup = 955DA45B1F39B5A100E9461C /* Products */;
			projectDirPath = "";
			projectRoot = "";
			targets = (
				955DA4591F39B5A100E9461C /* WeatherHistoryApp */,
			);
		};
/* End PBXProject section */

/* Begin PBXResourcesBuildPhase section */
		955DA4581F39B5A100E9461C /* Resources */ = {
			isa = PBXResourcesBuildPhase;
			buildActionMask = 2147483647;
			files = (
				955DA46A1F39B5A100E9461C /* LaunchScreen.storyboard in Resources */,
				955DA4671F39B5A100E9461C /* Assets.xcassets in Resources */,
				955DA4651F39B5A100E9461C /* Main.storyboard in Resources */,
			);
			runOnlyForDeploymentPostprocessing = 0;
		};
/* End PBXResourcesBuildPhase section */

/* Begin PBXSourcesBuildPhase section */
		955DA4561F39B5A100E9461C /* Sources */ = {
			isa = PBXSourcesBuildPhase;
			buildActionMask = 2147483647;
			files = (
				953FC23B1F3CCC3500BD81FD /* Utils.swift in Sources */,
				95EF514A1F3E4620008FDDF4 /* GlobalData.swift in Sources */,
				9509C0561F3EEF5100147CF1 /* LocationManager.swift in Sources */,
				955DA45E1F39B5A100E9461C /* AppDelegate.swift in Sources */,
				953FC2441F3DE43E00BD81FD /* HistoryTableViewCell.swift in Sources */,
				953FC2461F3DE77B00BD81FD /* Weather.swift in Sources */,
				953FC2361F3C5E6D00BD81FD /* WeatherManager.swift in Sources */,
				955DA4741F39BD4300E9461C /* MainViewController.swift in Sources */,
				953FC2421F3DA38600BD81FD /* HistoryViewController.swift in Sources */,
			);
			runOnlyForDeploymentPostprocessing = 0;
		};
/* End PBXSourcesBuildPhase section */

/* Begin PBXVariantGroup section */
		955DA4631F39B5A100E9461C /* Main.storyboard */ = {
			isa = PBXVariantGroup;
			children = (
				955DA4641F39B5A100E9461C /* Base */,
			);
			name = Main.storyboard;
			sourceTree = "<group>";
		};
		955DA4681F39B5A100E9461C /* LaunchScreen.storyboard */ = {
			isa = PBXVariantGroup;
			children = (
				955DA4691F39B5A100E9461C /* Base */,
			);
			name = LaunchScreen.storyboard;
			sourceTree = "<group>";
		};
/* End PBXVariantGroup section */

/* Begin XCBuildConfiguration section */
		955DA46C1F39B5A100E9461C /* Debug */ = {
			isa = XCBuildConfiguration;
			buildSettings = {
				ALWAYS_SEARCH_USER_PATHS = NO;
				CLANG_ANALYZER_NONNULL = YES;
				CLANG_CXX_LANGUAGE_STANDARD = "gnu++0x";
				CLANG_CXX_LIBRARY = "libc++";
				CLANG_ENABLE_MODULES = YES;
				CLANG_ENABLE_OBJC_ARC = YES;
				CLANG_WARN_BOOL_CONVERSION = YES;
				CLANG_WARN_CONSTANT_CONVERSION = YES;
				CLANG_WARN_DIRECT_OBJC_ISA_USAGE = YES_ERROR;
				CLANG_WARN_DOCUMENTATION_COMMENTS = YES;
				CLANG_WARN_EMPTY_BODY = YES;
				CLANG_WARN_ENUM_CONVERSION = YES;
				CLANG_WARN_INFINITE_RECURSION = YES;
				CLANG_WARN_INT_CONVERSION = YES;
				CLANG_WARN_OBJC_ROOT_CLASS = YES_ERROR;
				CLANG_WARN_SUSPICIOUS_MOVE = YES;
				CLANG_WARN_UNREACHABLE_CODE = YES;
				CLANG_WARN__DUPLICATE_METHOD_MATCH = YES;
				"CODE_SIGN_IDENTITY[sdk=iphoneos*]" = "iPhone Developer";
				COPY_PHASE_STRIP = NO;
				DEBUG_INFORMATION_FORMAT = dwarf;
				ENABLE_STRICT_OBJC_MSGSEND = YES;
				ENABLE_TESTABILITY = YES;
				GCC_C_LANGUAGE_STANDARD = gnu99;
				GCC_DYNAMIC_NO_PIC = NO;
				GCC_NO_COMMON_BLOCKS = YES;
				GCC_OPTIMIZATION_LEVEL = 0;
				GCC_PREPROCESSOR_DEFINITIONS = (
					"DEBUG=1",
					"$(inherited)",
				);
				GCC_WARN_64_TO_32_BIT_CONVERSION = YES;
				GCC_WARN_ABOUT_RETURN_TYPE = YES_ERROR;
				GCC_WARN_UNDECLARED_SELECTOR = YES;
				GCC_WARN_UNINITIALIZED_AUTOS = YES_AGGRESSIVE;
				GCC_WARN_UNUSED_FUNCTION = YES;
				GCC_WARN_UNUSED_VARIABLE = YES;
				IPHONEOS_DEPLOYMENT_TARGET = 10.2;
				MTL_ENABLE_DEBUG_INFO = YES;
				ONLY_ACTIVE_ARCH = YES;
				SDKROOT = iphoneos;
				SWIFT_ACTIVE_COMPILATION_CONDITIONS = DEBUG;
				SWIFT_OPTIMIZATION_LEVEL = "-Onone";
				SWIFT_VERSION = "";
			};
			name = Debug;
		};
		955DA46D1F39B5A100E9461C /* Release */ = {
			isa = XCBuildConfiguration;
			buildSettings = {
				ALWAYS_SEARCH_USER_PATHS = NO;
				CLANG_ANALYZER_NONNULL = YES;
				CLANG_CXX_LANGUAGE_STANDARD = "gnu++0x";
				CLANG_CXX_LIBRARY = "libc++";
				CLANG_ENABLE_MODULES = YES;
				CLANG_ENABLE_OBJC_ARC = YES;
				CLANG_WARN_BOOL_CONVERSION = YES;
				CLANG_WARN_CONSTANT_CONVERSION = YES;
				CLANG_WARN_DIRECT_OBJC_ISA_USAGE = YES_ERROR;
				CLANG_WARN_DOCUMENTATION_COMMENTS = YES;
				CLANG_WARN_EMPTY_BODY = YES;
				CLANG_WARN_ENUM_CONVERSION = YES;
				CLANG_WARN_INFINITE_RECURSION = YES;
				CLANG_WARN_INT_CONVERSION = YES;
				CLANG_WARN_OBJC_ROOT_CLASS = YES_ERROR;
				CLANG_WARN_SUSPICIOUS_MOVE = YES;
				CLANG_WARN_UNREACHABLE_CODE = YES;
				CLANG_WARN__DUPLICATE_METHOD_MATCH = YES;
				"CODE_SIGN_IDENTITY[sdk=iphoneos*]" = "iPhone Developer";
				COPY_PHASE_STRIP = NO;
				DEBUG_INFORMATION_FORMAT = "dwarf-with-dsym";
				ENABLE_NS_ASSERTIONS = NO;
				ENABLE_STRICT_OBJC_MSGSEND = YES;
				GCC_C_LANGUAGE_STANDARD = gnu99;
				GCC_NO_COMMON_BLOCKS = YES;
				GCC_WARN_64_TO_32_BIT_CONVERSION = YES;
				GCC_WARN_ABOUT_RETURN_TYPE = YES_ERROR;
				GCC_WARN_UNDECLARED_SELECTOR = YES;
				GCC_WARN_UNINITIALIZED_AUTOS = YES_AGGRESSIVE;
				GCC_WARN_UNUSED_FUNCTION = YES;
				GCC_WARN_UNUSED_VARIABLE = YES;
				IPHONEOS_DEPLOYMENT_TARGET = 10.2;
				MTL_ENABLE_DEBUG_INFO = NO;
				SDKROOT = iphoneos;
				SWIFT_OPTIMIZATION_LEVEL = "-Owholemodule";
				SWIFT_VERSION = "";
				VALIDATE_PRODUCT = YES;
			};
			name = Release;
		};
		955DA46F1F39B5A100E9461C /* Debug */ = {
			isa = XCBuildConfiguration;
			buildSettings = {
				ASSETCATALOG_COMPILER_APPICON_NAME = AppIcon;
				"CODE_SIGN_IDENTITY[sdk=iphoneos*]" = "iPhone Developer";
				DEVELOPMENT_TEAM = 32QUXF5TSJ;
				INFOPLIST_FILE = WeatherHistoryApp/Info.plist;
				LD_RUNPATH_SEARCH_PATHS = "$(inherited) @executable_path/Frameworks";
				PRODUCT_BUNDLE_IDENTIFIER = com.biarozkin.WeatherHistoryApp;
				PRODUCT_NAME = "$(TARGET_NAME)";
				SWIFT_VERSION = 3.0;
			};
			name = Debug;
		};
		955DA4701F39B5A100E9461C /* Release */ = {
			isa = XCBuildConfiguration;
			buildSettings = {
				ASSETCATALOG_COMPILER_APPICON_NAME = AppIcon;
				"CODE_SIGN_IDENTITY[sdk=iphoneos*]" = "iPhone Developer";
				DEVELOPMENT_TEAM = 32QUXF5TSJ;
				INFOPLIST_FILE = WeatherHistoryApp/Info.plist;
				LD_RUNPATH_SEARCH_PATHS = "$(inherited) @executable_path/Frameworks";
				PRODUCT_BUNDLE_IDENTIFIER = com.biarozkin.WeatherHistoryApp;
				PRODUCT_NAME = "$(TARGET_NAME)";
				SWIFT_VERSION = 3.0;
			};
			name = Release;
		};
/* End XCBuildConfiguration section */

/* Begin XCConfigurationList section */
		955DA4551F39B5A100E9461C /* Build configuration list for PBXProject "WeatherHistoryApp" */ = {
			isa = XCConfigurationList;
			buildConfigurations = (
				955DA46C1F39B5A100E9461C /* Debug */,
				955DA46D1F39B5A100E9461C /* Release */,
			);
			defaultConfigurationIsVisible = 0;
			defaultConfigurationName = Release;
		};
		955DA46E1F39B5A100E9461C /* Build configuration list for PBXNativeTarget "WeatherHistoryApp" */ = {
			isa = XCConfigurationList;
			buildConfigurations = (
				955DA46F1F39B5A100E9461C /* Debug */,
				955DA4701F39B5A100E9461C /* Release */,
			);
			defaultConfigurationIsVisible = 0;
			defaultConfigurationName = Release;
		};
/* End XCConfigurationList section */
	};
	rootObject = 955DA4521F39B5A100E9461C /* Project object */;
}
